# This file is automatically @generated by Poetry 1.7.1 and should not be changed by hand.

[[package]]
name = "more-itertools"
version = "10.1.0"
description = "More routines for operating on iterables, beyond itertools"
optional = false
python-versions = ">=3.8"
files = [
    {file = "more-itertools-10.1.0.tar.gz", hash = "sha256:626c369fa0eb37bac0291bce8259b332fd59ac792fa5497b59837309cd5b114a"},
    {file = "more_itertools-10.1.0-py3-none-any.whl", hash = "sha256:64e0735fcfdc6f3464ea133afe8ea4483b1c5fe3a3d69852e6503b43a0b222e6"},
]

[metadata]
lock-version = "2.0"
python-versions = "^3.11"
content-hash = "0ba7a2c1ae8256a8554677bfe24f8cdb673c7524e6ed5fa8aae6d7651b833c99"
